
Microsoft Visual Studio Solution File, Format Version 12.00
# Visual Studio Version 17
VisualStudioVersion = 17.5.002.0
MinimumVisualStudioVersion = 10.0.40219.1
Project("{9A19103F-16F7-4668-BE54-9A1E7A4F7556}") = "jamintech.champs.coreAPI", "jamintech.champs.coreAPI.csproj", "{92D451C3-9355-4E43-84C4-66D0C6D73CE9}"
EndProject
Global
	GlobalSection(SolutionConfigurationPlatforms) = preSolution
		Debug|Any CPU = Debug|Any CPU
		Release|Any CPU = Release|Any CPU
	EndGlobalSection
	GlobalSection(ProjectConfigurationPlatforms) = postSolution
		{92D451C3-9355-4E43-84C4-66D0C6D73CE9}.Debug|Any CPU.ActiveCfg = Debug|Any CPU
		{92D451C3-9355-4E43-84C4-66D0C6D73CE9}.Debug|Any CPU.Build.0 = Debug|Any CPU
		{92D451C3-9355-4E43-84C4-66D0C6D73CE9}.Release|Any CPU.ActiveCfg = Release|Any CPU
		{92D451C3-9355-4E43-84C4-66D0C6D73CE9}.Release|Any CPU.Build.0 = Release|Any CPU
	EndGlobalSection
	GlobalSection(SolutionProperties) = preSolution
		HideSolutionNode = FALSE
	EndGlobalSection
	GlobalSection(ExtensibilityGlobals) = postSolution
		SolutionGuid = {F94AB8B9-D9B0-4B70-A1CA-6E09979131E0}
	EndGlobalSection
EndGlobal
